{
  "name": "transient-conduction-model",
  "version": "0.0.0",
  "lockfileVersion": 3,
  "requires": true,
  "packages": {
    "": {
      "name": "transient-conduction-model",
      "version": "0.0.0",
      "license": "CC0-1.0",
      "workspaces": [
        "./packages/*",
        "./packages/@*/*"
      ],
      "dependencies": {
        "@rse/nunjucks-cli": "1.5.3",
        "yaml-datastore": "^0.1.0-alpha.2"
      },
      "bin": {
        "transient-conduction-model": "bin/transient-conduction-model.js"
      }
    },
    "node_modules/@rse/nunjucks-cli": {
      "version": "1.5.3",
      "license": "MIT",
      "dependencies": {
        "chalk": "4.1.0",
        "commander": "12.1.0",
        "deepmerge": "4.3.1",
        "js-yaml": "4.1.0",
        "nunjucks": "3.2.4"
      },
      "bin": {
        "nunjucks": "nunjucks.js"
      }
    },
    "node_modules/@types/js-yaml": {
      "version": "4.0.9",
      "license": "MIT"
    },
    "node_modules/a-sync-waterfall": {
      "version": "1.0.1",
      "license": "MIT"
    },
    "node_modules/ansi-styles": {
      "version": "4.3.0",
      "license": "MIT",
      "dependencies": {
        "color-convert": "^2.0.1"
      },
      "engines": {
        "node": ">=8"
      },
      "funding": {
        "url": "https://github.com/chalk/ansi-styles?sponsor=1"
      }
    },
    "node_modules/argparse": {
      "version": "2.0.1",
      "license": "Python-2.0"
    },
    "node_modules/asap": {
      "version": "2.0.6",
      "license": "MIT"
    },
    "node_modules/chalk": {
      "version": "4.1.0",
      "license": "MIT",
      "dependencies": {
        "ansi-styles": "^4.1.0",
        "supports-color": "^7.1.0"
      },
      "engines": {
        "node": ">=10"
      },
      "funding": {
        "url": "https://github.com/chalk/chalk?sponsor=1"
      }
    },
    "node_modules/color-convert": {
      "version": "2.0.1",
      "license": "MIT",
      "dependencies": {
        "color-name": "~1.1.4"
      },
      "engines": {
        "node": ">=7.0.0"
      }
    },
    "node_modules/color-name": {
      "version": "1.1.4",
      "license": "MIT"
    },
    "node_modules/commander": {
      "version": "12.1.0",
      "license": "MIT",
      "engines": {
        "node": ">=18"
      }
    },
    "node_modules/deepmerge": {
      "version": "4.3.1",
      "license": "MIT",
      "engines": {
        "node": ">=0.10.0"
      }
    },
    "node_modules/has-flag": {
      "version": "4.0.0",
      "license": "MIT",
      "engines": {
        "node": ">=8"
      }
    },
    "node_modules/js-yaml": {
      "version": "4.1.0",
      "license": "MIT",
      "dependencies": {
        "argparse": "^2.0.1"
      },
      "bin": {
        "js-yaml": "bin/js-yaml.js"
      }
    },
    "node_modules/nunjucks": {
      "version": "3.2.4",
      "license": "BSD-2-Clause",
      "dependencies": {
        "a-sync-waterfall": "^1.0.0",
        "asap": "^2.0.3",
        "commander": "^5.1.0"
      },
      "bin": {
        "nunjucks-precompile": "bin/precompile"
      },
      "engines": {
        "node": ">= 6.9.0"
      },
      "peerDependencies": {
        "chokidar": "^3.3.0"
      },
      "peerDependenciesMeta": {
        "chokidar": {
          "optional": true
        }
      }
    },
    "node_modules/nunjucks/node_modules/commander": {
      "version": "5.1.0",
      "license": "MIT",
      "engines": {
        "node": ">= 6"
      }
    },
    "node_modules/pure-rand": {
      "version": "7.0.1",
      "funding": [
        {
          "type": "individual",
          "url": "https://github.com/sponsors/dubzzz"
        },
        {
          "type": "opencollective",
          "url": "https://opencollective.com/fast-check"
        }
      ],
      "license": "MIT"
    },
    "node_modules/supports-color": {
      "version": "7.2.0",
      "license": "MIT",
      "dependencies": {
        "has-flag": "^4.0.0"
      },
      "engines": {
        "node": ">=8"
      }
    },
    "node_modules/yaml-datastore": {
      "version": "0.1.0-alpha.2",
      "resolved": "https://registry.npmjs.org/yaml-datastore/-/yaml-datastore-0.1.0-alpha.2.tgz",
      "integrity": "sha512-lFAU5bsLGej5mjAZd5hEUIlLishbQMwyAEC6FC3b3+pj4n9gPdy0/8xp4yymknhkQvF6FWFo6AQ+cC3OygG/Ww==",
      "license": "Apache-2.0",
      "dependencies": {
        "@types/js-yaml": "^4.0.9",
        "js-yaml": "^4.1.0",
        "pure-rand": "^7.0.1"
      },
      "bin": {
        "yds-ids": "bin/yds-ids.js",
        "yds-load": "bin/yds-load.js",
        "yds-store": "bin/yds-store.js"
      }
    }
  }
}
